// !$*UTF8*$!
{
	archiveVersion = 1;
	classes = {
	};
	objectVersion = 50;
	objects = {

/* Begin PBXBuildFile section */
		0840B3972507891D00D5702B /* AppDelegate.swift in Sources */ = {isa = PBXBuildFile; fileRef = 0840B3962507891D00D5702B /* AppDelegate.swift */; };
		0840B39B2507891D00D5702B /* ViewController.swift in Sources */ = {isa = PBXBuildFile; fileRef = 0840B39A2507891D00D5702B /* ViewController.swift */; };
		0840B39E2507891D00D5702B /* Main.storyboard in Resources */ = {isa = PBXBuildFile; fileRef = 0840B39C2507891D00D5702B /* Main.storyboard */; };
		0840B3A02507891F00D5702B /* Assets.xcassets in Resources */ = {isa = PBXBuildFile; fileRef = 0840B39F2507891F00D5702B /* Assets.xcassets */; };
		0840B3A32507891F00D5702B /* LaunchScreen.storyboard in Resources */ = {isa = PBXBuildFile; fileRef = 0840B3A12507891F00D5702B /* LaunchScreen.storyboard */; };
		0840B3DF2507E5EE00D5702B /* NotificationViewController.swift in Sources */ = {isa = PBXBuildFile; fileRef = 0840B3DE2507E5EE00D5702B /* NotificationViewController.swift */; };
		0840B3E12507E62300D5702B /* Seller.swift in Sources */ = {isa = PBXBuildFile; fileRef = 0840B3E02507E62300D5702B /* Seller.swift */; };
		0840B3E32507E62F00D5702B /* Custom.swift in Sources */ = {isa = PBXBuildFile; fileRef = 0840B3E22507E62F00D5702B /* Custom.swift */; };
		0840B3E52507E65B00D5702B /* Apple.swift in Sources */ = {isa = PBXBuildFile; fileRef = 0840B3E42507E65B00D5702B /* Apple.swift */; };
/* End PBXBuildFile section */

/* Begin PBXFileReference section */
		0840B3932507891D00D5702B /* Pattern-Notification.app */ = {isa = PBXFileReference; explicitFileType = wrapper.application; includeInIndex = 0; path = "Pattern-Notification.app"; sourceTree = BUILT_PRODUCTS_DIR; };
		0840B3962507891D00D5702B /* AppDelegate.swift */ = {isa = PBXFileReference; lastKnownFileType = sourcecode.swift; path = AppDelegate.swift; sourceTree = "<group>"; };
		0840B39A2507891D00D5702B /* ViewController.swift */ = {isa = PBXFileReference; lastKnownFileType = sourcecode.swift; path = ViewController.swift; sourceTree = "<group>"; };
		0840B39D2507891D00D5702B /* Base */ = {isa = PBXFileReference; lastKnownFileType = file.storyboard; name = Base; path = Base.lproj/Main.storyboard; sourceTree = "<group>"; };
		0840B39F2507891F00D5702B /* Assets.xcassets */ = {isa = PBXFileReference; lastKnownFileType = folder.assetcatalog; path = Assets.xcassets; sourceTree = "<group>"; };
		0840B3A22507891F00D5702B /* Base */ = {isa = PBXFileReference; lastKnownFileType = file.storyboard; name = Base; path = Base.lproj/LaunchScreen.storyboard; sourceTree = "<group>"; };
		0840B3A42507891F00D5702B /* Info.plist */ = {isa = PBXFileReference; lastKnownFileType = text.plist.xml; path = Info.plist; sourceTree = "<group>"; };
		0840B3DE2507E5EE00D5702B /* NotificationViewController.swift */ = {isa = PBXFileReference; lastKnownFileType = sourcecode.swift; path = NotificationViewController.swift; sourceTree = "<group>"; };
		0840B3E02507E62300D5702B /* Seller.swift */ = {isa = PBXFileReference; lastKnownFileType = sourcecode.swift; path = Seller.swift; sourceTree = "<group>"; };
		0840B3E22507E62F00D5702B /* Custom.swift */ = {isa = PBXFileReference; lastKnownFileType = sourcecode.swift; path = Custom.swift; sourceTree = "<group>"; };
		0840B3E42507E65B00D5702B /* Apple.swift */ = {isa = PBXFileReference; lastKnownFileType = sourcecode.swift; path = Apple.swift; sourceTree = "<group>"; };
/* End PBXFileReference section */

/* Begin PBXFrameworksBuildPhase section */
		0840B3902507891D00D5702B /* Frameworks */ = {
			isa = PBXFrameworksBuildPhase;
			buildActionMask = 2147483647;
			files = (
			);
			runOnlyForDeploymentPostprocessing = 0;
		};
/* End PBXFrameworksBuildPhase section */

/* Begin PBXGroup section */
		0840B38A2507891D00D5702B = {
			isa = PBXGroup;
			children = (
				0840B3952507891D00D5702B /* Pattern-Notification */,
				0840B3942507891D00D5702B /* Products */,
			);
			sourceTree = "<group>";
		};
		0840B3942507891D00D5702B /* Products */ = {
			isa = PBXGroup;
			children = (
				0840B3932507891D00D5702B /* Pattern-Notification.app */,
			);
			name = Products;
			sourceTree = "<group>";
		};
		0840B3952507891D00D5702B /* Pattern-Notification */ = {
			isa = PBXGroup;
			children = (
				0840B3DD2507E5CC00D5702B /* Notification */,
				0840B3DC2507E5BF00D5702B /* other */,
			);
			path = "Pattern-Notification";
			sourceTree = "<group>";
		};
		0840B3DC2507E5BF00D5702B /* other */ = {
			isa = PBXGroup;
			children = (
				0840B3962507891D00D5702B /* AppDelegate.swift */,
				0840B39A2507891D00D5702B /* ViewController.swift */,
				0840B39C2507891D00D5702B /* Main.storyboard */,
				0840B39F2507891F00D5702B /* Assets.xcassets */,
				0840B3A12507891F00D5702B /* LaunchScreen.storyboard */,
				0840B3A42507891F00D5702B /* Info.plist */,
			);
			path = other;
			sourceTree = "<group>";
		};
		0840B3DD2507E5CC00D5702B /* Notification */ = {
			isa = PBXGroup;
			children = (
				0840B3DE2507E5EE00D5702B /* NotificationViewController.swift */,
				0840B3E02507E62300D5702B /* Seller.swift */,
				0840B3E22507E62F00D5702B /* Custom.swift */,
				0840B3E42507E65B00D5702B /* Apple.swift */,
			);
			path = Notification;
			sourceTree = "<group>";
		};
/* End PBXGroup section */

/* Begin PBXNativeTarget section */
		0840B3922507891D00D5702B /* Pattern-Notification */ = {
			isa = PBXNativeTarget;
			buildConfigurationList = 0840B3A72507891F00D5702B /* Build configuration list for PBXNativeTarget "Pattern-Notification" */;
			buildPhases = (
				0840B38F2507891D00D5702B /* Sources */,
				0840B3902507891D00D5702B /* Frameworks */,
				0840B3912507891D00D5702B /* Resources */,
			);
			buildRules = (
			);
			dependencies = (
			);
			name = "Pattern-Notification";
			productName = "Pattern-Notification";
			productReference = 0840B3932507891D00D5702B /* Pattern-Notification.app */;
			productType = "com.apple.product-type.application";
		};
/* End PBXNativeTarget section */

/* Begin PBXProject section */
		0840B38B2507891D00D5702B /* Project object */ = {
			isa = PBXProject;
			attributes = {
				LastSwiftUpdateCheck = 1170;
				LastUpgradeCheck = 1170;
				ORGANIZATIONNAME = Neal;
				TargetAttributes = {
					0840B3922507891D00D5702B = {
						CreatedOnToolsVersion = 11.7;
					};
				};
			};
			buildConfigurationList = 0840B38E2507891D00D5702B /* Build configuration list for PBXProject "Pattern-Notification" */;
			compatibilityVersion = "Xcode 9.3";
			developmentRegion = en;
			hasScannedForEncodings = 0;
			knownRegions = (
				en,
				Base,
			);
			mainGroup = 0840B38A2507891D00D5702B;
			productRefGroup = 0840B3942507891D00D5702B /* Products */;
			projectDirPath = "";
			projectRoot = "";
			targets = (
				0840B3922507891D00D5702B /* Pattern-Notification */,
			);
		};
/* End PBXProject section */

/* Begin PBXResourcesBuildPhase section */
		0840B3912507891D00D5702B /* Resources */ = {
			isa = PBXResourcesBuildPhase;
			buildActionMask = 2147483647;
			files = (
				0840B3A32507891F00D5702B /* LaunchScreen.storyboard in Resources */,
				0840B3A02507891F00D5702B /* Assets.xcassets in Resources */,
				0840B39E2507891D00D5702B /* Main.storyboard in Resources */,
			);
			runOnlyForDeploymentPostprocessing = 0;
		};
/* End PBXResourcesBuildPhase section */

/* Begin PBXSourcesBuildPhase section */
		0840B38F2507891D00D5702B /* Sources */ = {
			isa = PBXSourcesBuildPhase;
			buildActionMask = 2147483647;
			files = (
				0840B3E52507E65B00D5702B /* Apple.swift in Sources */,
				0840B39B2507891D00D5702B /* ViewController.swift in Sources */,
				0840B3972507891D00D5702B /* AppDelegate.swift in Sources */,
				0840B3E12507E62300D5702B /* Seller.swift in Sources */,
				0840B3DF2507E5EE00D5702B /* NotificationViewController.swift in Sources */,
				0840B3E32507E62F00D5702B /* Custom.swift in Sources */,
			);
			runOnlyForDeploymentPostprocessing = 0;
		};
/* End PBXSourcesBuildPhase section */

/* Begin PBXVariantGroup section */
		0840B39C2507891D00D5702B /* Main.storyboard */ = {
			isa = PBXVariantGroup;
			children = (
				0840B39D2507891D00D5702B /* Base */,
			);
			name = Main.storyboard;
			sourceTree = "<group>";
		};
		0840B3A12507891F00D5702B /* LaunchScreen.storyboard */ = {
			isa = PBXVariantGroup;
			children = (
				0840B3A22507891F00D5702B /* Base */,
			);
			name = LaunchScreen.storyboard;
			sourceTree = "<group>";
		};
/* End PBXVariantGroup section */

/* Begin XCBuildConfiguration section */
		0840B3A52507891F00D5702B /* Debug */ = {
			isa = XCBuildConfiguration;
			buildSettings = {
				ALWAYS_SEARCH_USER_PATHS = NO;
				CLANG_ANALYZER_NONNULL = YES;
				CLANG_ANALYZER_NUMBER_OBJECT_CONVERSION = YES_AGGRESSIVE;
				CLANG_CXX_LANGUAGE_STANDARD = "gnu++14";
				CLANG_CXX_LIBRARY = "libc++";
				CLANG_ENABLE_MODULES = YES;
				CLANG_ENABLE_OBJC_ARC = YES;
				CLANG_ENABLE_OBJC_WEAK = YES;
				CLANG_WARN_BLOCK_CAPTURE_AUTORELEASING = YES;
				CLANG_WARN_BOOL_CONVERSION = YES;
				CLANG_WARN_COMMA = YES;
				CLANG_WARN_CONSTANT_CONVERSION = YES;
				CLANG_WARN_DEPRECATED_OBJC_IMPLEMENTATIONS = YES;
				CLANG_WARN_DIRECT_OBJC_ISA_USAGE = YES_ERROR;
				CLANG_WARN_DOCUMENTATION_COMMENTS = YES;
				CLANG_WARN_EMPTY_BODY = YES;
				CLANG_WARN_ENUM_CONVERSION = YES;
				CLANG_WARN_INFINITE_RECURSION = YES;
				CLANG_WARN_INT_CONVERSION = YES;
				CLANG_WARN_NON_LITERAL_NULL_CONVERSION = YES;
				CLANG_WARN_OBJC_IMPLICIT_RETAIN_SELF = YES;
				CLANG_WARN_OBJC_LITERAL_CONVERSION = YES;
				CLANG_WARN_OBJC_ROOT_CLASS = YES_ERROR;
				CLANG_WARN_RANGE_LOOP_ANALYSIS = YES;
				CLANG_WARN_STRICT_PROTOTYPES = YES;
				CLANG_WARN_SUSPICIOUS_MOVE = YES;
				CLANG_WARN_UNGUARDED_AVAILABILITY = YES_AGGRESSIVE;
				CLANG_WARN_UNREACHABLE_CODE = YES;
				CLANG_WARN__DUPLICATE_METHOD_MATCH = YES;
				COPY_PHASE_STRIP = NO;
				DEBUG_INFORMATION_FORMAT = dwarf;
				ENABLE_STRICT_OBJC_MSGSEND = YES;
				ENABLE_TESTABILITY = YES;
				GCC_C_LANGUAGE_STANDARD = gnu11;
				GCC_DYNAMIC_NO_PIC = NO;
				GCC_NO_COMMON_BLOCKS = YES;
				GCC_OPTIMIZATION_LEVEL = 0;
				GCC_PREPROCESSOR_DEFINITIONS = (
					"DEBUG=1",
					"$(inherited)",
				);
				GCC_WARN_64_TO_32_BIT_CONVERSION = YES;
				GCC_WARN_ABOUT_RETURN_TYPE = YES_ERROR;
				GCC_WARN_UNDECLARED_SELECTOR = YES;
				GCC_WARN_UNINITIALIZED_AUTOS = YES_AGGRESSIVE;
				GCC_WARN_UNUSED_FUNCTION = YES;
				GCC_WARN_UNUSED_VARIABLE = YES;
				IPHONEOS_DEPLOYMENT_TARGET = 13.7;
				MTL_ENABLE_DEBUG_INFO = INCLUDE_SOURCE;
				MTL_FAST_MATH = YES;
				ONLY_ACTIVE_ARCH = YES;
				SDKROOT = iphoneos;
				SWIFT_ACTIVE_COMPILATION_CONDITIONS = DEBUG;
				SWIFT_OPTIMIZATION_LEVEL = "-Onone";
			};
			name = Debug;
		};
		0840B3A62507891F00D5702B /* Release */ = {
			isa = XCBuildConfiguration;
			buildSettings = {
				ALWAYS_SEARCH_USER_PATHS = NO;
				CLANG_ANALYZER_NONNULL = YES;
				CLANG_ANALYZER_NUMBER_OBJECT_CONVERSION = YES_AGGRESSIVE;
				CLANG_CXX_LANGUAGE_STANDARD = "gnu++14";
				CLANG_CXX_LIBRARY = "libc++";
				CLANG_ENABLE_MODULES = YES;
				CLANG_ENABLE_OBJC_ARC = YES;
				CLANG_ENABLE_OBJC_WEAK = YES;
				CLANG_WARN_BLOCK_CAPTURE_AUTORELEASING = YES;
				CLANG_WARN_BOOL_CONVERSION = YES;
				CLANG_WARN_COMMA = YES;
				CLANG_WARN_CONSTANT_CONVERSION = YES;
				CLANG_WARN_DEPRECATED_OBJC_IMPLEMENTATIONS = YES;
				CLANG_WARN_DIRECT_OBJC_ISA_USAGE = YES_ERROR;
				CLANG_WARN_DOCUMENTATION_COMMENTS = YES;
				CLANG_WARN_EMPTY_BODY = YES;
				CLANG_WARN_ENUM_CONVERSION = YES;
				CLANG_WARN_INFINITE_RECURSION = YES;
				CLANG_WARN_INT_CONVERSION = YES;
				CLANG_WARN_NON_LITERAL_NULL_CONVERSION = YES;
				CLANG_WARN_OBJC_IMPLICIT_RETAIN_SELF = YES;
				CLANG_WARN_OBJC_LITERAL_CONVERSION = YES;
				CLANG_WARN_OBJC_ROOT_CLASS = YES_ERROR;
				CLANG_WARN_RANGE_LOOP_ANALYSIS = YES;
				CLANG_WARN_STRICT_PROTOTYPES = YES;
				CLANG_WARN_SUSPICIOUS_MOVE = YES;
				CLANG_WARN_UNGUARDED_AVAILABILITY = YES_AGGRESSIVE;
				CLANG_WARN_UNREACHABLE_CODE = YES;
				CLANG_WARN__DUPLICATE_METHOD_MATCH = YES;
				COPY_PHASE_STRIP = NO;
				DEBUG_INFORMATION_FORMAT = "dwarf-with-dsym";
				ENABLE_NS_ASSERTIONS = NO;
				ENABLE_STRICT_OBJC_MSGSEND = YES;
				GCC_C_LANGUAGE_STANDARD = gnu11;
				GCC_NO_COMMON_BLOCKS = YES;
				GCC_WARN_64_TO_32_BIT_CONVERSION = YES;
				GCC_WARN_ABOUT_RETURN_TYPE = YES_ERROR;
				GCC_WARN_UNDECLARED_SELECTOR = YES;
				GCC_WARN_UNINITIALIZED_AUTOS = YES_AGGRESSIVE;
				GCC_WARN_UNUSED_FUNCTION = YES;
				GCC_WARN_UNUSED_VARIABLE = YES;
				IPHONEOS_DEPLOYMENT_TARGET = 13.7;
				MTL_ENABLE_DEBUG_INFO = NO;
				MTL_FAST_MATH = YES;
				SDKROOT = iphoneos;
				SWIFT_COMPILATION_MODE = wholemodule;
				SWIFT_OPTIMIZATION_LEVEL = "-O";
				VALIDATE_PRODUCT = YES;
			};
			name = Release;
		};
		0840B3A82507891F00D5702B /* Debug */ = {
			isa = XCBuildConfiguration;
			buildSettings = {
				ASSETCATALOG_COMPILER_APPICON_NAME = AppIcon;
				CODE_SIGN_STYLE = Automatic;
				INFOPLIST_FILE = "Pattern-Notification/other/Info.plist";
				LD_RUNPATH_SEARCH_PATHS = (
					"$(inherited)",
					"@executable_path/Frameworks",
				);
				PRODUCT_BUNDLE_IDENTIFIER = "com.CoderNeal.Pattern-Notification";
				PRODUCT_NAME = "$(TARGET_NAME)";
				SWIFT_VERSION = 5.0;
				TARGETED_DEVICE_FAMILY = "1,2";
			};
			name = Debug;
		};
		0840B3A92507891F00D5702B /* Release */ = {
			isa = XCBuildConfiguration;
			buildSettings = {
				ASSETCATALOG_COMPILER_APPICON_NAME = AppIcon;
				CODE_SIGN_STYLE = Automatic;
				INFOPLIST_FILE = "Pattern-Notification/other/Info.plist";
				LD_RUNPATH_SEARCH_PATHS = (
					"$(inherited)",
					"@executable_path/Frameworks",
				);
				PRODUCT_BUNDLE_IDENTIFIER = "com.CoderNeal.Pattern-Notification";
				PRODUCT_NAME = "$(TARGET_NAME)";
				SWIFT_VERSION = 5.0;
				TARGETED_DEVICE_FAMILY = "1,2";
			};
			name = Release;
		};
/* End XCBuildConfiguration section */

/* Begin XCConfigurationList section */
		0840B38E2507891D00D5702B /* Build configuration list for PBXProject "Pattern-Notification" */ = {
			isa = XCConfigurationList;
			buildConfigurations = (
				0840B3A52507891F00D5702B /* Debug */,
				0840B3A62507891F00D5702B /* Release */,
			);
			defaultConfigurationIsVisible = 0;
			defaultConfigurationName = Release;
		};
		0840B3A72507891F00D5702B /* Build configuration list for PBXNativeTarget "Pattern-Notification" */ = {
			isa = XCConfigurationList;
			buildConfigurations = (
				0840B3A82507891F00D5702B /* Debug */,
				0840B3A92507891F00D5702B /* Release */,
			);
			defaultConfigurationIsVisible = 0;
			defaultConfigurationName = Release;
		};
/* End XCConfigurationList section */
	};
	rootObject = 0840B38B2507891D00D5702B /* Project object */;
}
